
Microsoft Visual Studio Solution File, Format Version 12.00
# Visual Studio 15
VisualStudioVersion = 15.0.28307.106
MinimumVisualStudioVersion = 10.0.40219.1
Project("{FAE04EC0-301F-11D3-BF4B-00C04F79EFBC}") = "WindowsFormsApp1", "WindowsFormsApp1\WindowsFormsApp1.csproj", "{05818B97-63DF-4AD5-9A7D-D23955AC042B}"
EndProject
Global
	GlobalSection(SolutionConfigurationPlatforms) = preSolution
		Debug|Any CPU = Debug|Any CPU
		Release|Any CPU = Release|Any CPU
	EndGlobalSection
	GlobalSection(ProjectConfigurationPlatforms) = postSolution
		{05818B97-63DF-4AD5-9A7D-D23955AC042B}.Debug|Any CPU.ActiveCfg = Debug|Any CPU
		{05818B97-63DF-4AD5-9A7D-D23955AC042B}.Debug|Any CPU.Build.0 = Debug|Any CPU
		{05818B97-63DF-4AD5-9A7D-D23955AC042B}.Release|Any CPU.ActiveCfg = Release|Any CPU
		{05818B97-63DF-4AD5-9A7D-D23955AC042B}.Release|Any CPU.Build.0 = Release|Any CPU
	EndGlobalSection
	GlobalSection(SolutionProperties) = preSolution
		HideSolutionNode = FALSE
	EndGlobalSection
	GlobalSection(ExtensibilityGlobals) = postSolution
		SolutionGuid = {1162E2E4-B548-40B7-9100-148D9314AE89}
	EndGlobalSection
EndGlobal
